<?xml version="1.0" encoding="utf-8"?>
<Project ToolsVersion="4.0" xmlns="http://schemas.microsoft.com/developer/msbuild/2003">
  <ItemGroup>
    <Filter Include="Source Files">
      <UniqueIdentifier>{4FC737F1-C7A5-4376-A066-2A32D752A2FF}</UniqueIdentifier>
      <Extensions>cpp;c;cc;cxx;def;odl;idl;hpj;bat;asm;asmx</Extensions>
    </Filter>
    <Filter Include="Header Files">
      <UniqueIdentifier>{93995380-89BD-4b04-88EB-625FBE52EBFB}</UniqueIdentifier>
      <Extensions>h;hh;hpp;hxx;hm;inl;inc;xsd</Extensions>
    </Filter>
    <Filter Include="Resource Files">
      <UniqueIdentifier>{67DA6AB6-F800-4c08-8B7A-83BB121AAD01}</UniqueIdentifier>
      <Extensions>rc;ico;cur;bmp;dlg;rc2;rct;bin;rgs;gif;jpg;jpeg;jpe;resx;tiff;tif;png;wav;mfcribbon-ms</Extensions>
    </Filter>
    <Filter Include="Header Files\Model">
      <UniqueIdentifier>{66201f22-b36d-4dfc-ad02-f40449297b85}</UniqueIdentifier>
    </Filter>
    <Filter Include="Header Files\Controller">
      <UniqueIdentifier>{2b596304-0f0c-4697-a2fe-19e965ea98b9}</UniqueIdentifier>
    </Filter>
    <Filter Include="Header Files\View">
      <UniqueIdentifier>{63b24fdf-acd5-4477-8fc0-0dfd6f1964a0}</UniqueIdentifier>
    </Filter>
    <Filter Include="Source Files\View">
      <UniqueIdentifier>{405db2fa-220b-4ecd-807a-664934978bc1}</UniqueIdentifier>
    </Filter>
    <Filter Include="Source Files\Model">
      <UniqueIdentifier>{dd8b89ef-6d5c-4cc2-8d9f-619eb205d676}</UniqueIdentifier>
    </Filter>
    <Filter Include="Source Files\Controller">
      <UniqueIdentifier>{52f5fa65-e826-4828-b10a-f0e31c6e3ad5}</UniqueIdentifier>
    </Filter>
    <Filter Include="Source Files\Model\Material">
      <UniqueIdentifier>{611c6641-2f83-4e3d-8e73-e9787e31c1bd}</UniqueIdentifier>
    </Filter>
    <Filter Include="Header Files\Model\Material">
      <UniqueIdentifier>{37656d5b-83a1-4bbc-ab47-c38ca59f71c1}</UniqueIdentifier>
    </Filter>
    <Filter Include="Resource Files\JSON">
      <UniqueIdentifier>{e9947485-0bc6-44f4-af09-7cfa9ef625ac}</UniqueIdentifier>
    </Filter>
  </ItemGroup>
  <ItemGroup>
    <ClInclude Include="Material.h">
      <Filter>Header Files\Model\Material</Filter>
    </ClInclude>
    <ClInclude Include="DoubleSidedDvd.h">
      <Filter>Header Files\Model\Material</Filter>
    </ClInclude>
    <ClInclude Include="Disc.h">
      <Filter>Header Files\Model\Material</Filter>
    </ClInclude>
    <ClInclude Include="ComboBox.h">
      <Filter>Header Files\Model\Material</Filter>
    </ClInclude>
    <ClInclude Include="Vhs.h">
      <Filter>Header Files\Model\Material</Filter>
    </ClInclude>
    <ClInclude Include="Model.h">
      <Filter>Header Files\Model</Filter>
    </ClInclude>
    <ClInclude Include="SimpleFactory.h">
      <Filter>Header Files\Model</Filter>
    </ClInclude>
    <ClInclude Include="Project.h">
      <Filter>Header Files\Model</Filter>
    </ClInclude>
    <ClInclude Include="Controller.h">
      <Filter>Header Files\Controller</Filter>
    </ClInclude>
    <ClInclude Include="View.h">
      <Filter>Header Files\View</Filter>
    </ClInclude>
    <ClInclude Include="FileHandler.h">
      <Filter>Header Files\Model</Filter>
    </ClInclude>
    <ClInclude Include="JSON\json.hpp">
      <Filter>Resource Files\JSON</Filter>
    </ClInclude>
  </ItemGroup>
  <ItemGroup>
    <ClCompile Include="main.cpp">
      <Filter>Source Files</Filter>
    </ClCompile>
    <ClCompile Include="ComboBox.cpp">
      <Filter>Source Files\Model\Material</Filter>
    </ClCompile>
    <ClCompile Include="DoubleSidedDvd.cpp">
      <Filter>Source Files\Model\Material</Filter>
    </ClCompile>
    <ClCompile Include="Disc.cpp">
      <Filter>Source Files\Model\Material</Filter>
    </ClCompile>
    <ClCompile Include="Material.cpp">
      <Filter>Source Files\Model\Material</Filter>
    </ClCompile>
    <ClCompile Include="Vhs.cpp">
      <Filter>Source Files\Model\Material</Filter>
    </ClCompile>
    <ClCompile Include="Controller.cpp">
      <Filter>Source Files\Controller</Filter>
    </ClCompile>
    <ClCompile Include="Project.cpp">
      <Filter>Source Files\Model</Filter>
    </ClCompile>
    <ClCompile Include="Model.cpp">
      <Filter>Source Files\Model</Filter>
    </ClCompile>
    <ClCompile Include="SimpleFactory.cpp">
      <Filter>Source Files\Model</Filter>
    </ClCompile>
    <ClCompile Include="View.cpp">
      <Filter>Source Files\View</Filter>
    </ClCompile>
    <ClCompile Include="FileHandler.cpp">
      <Filter>Source Files\Model</Filter>
    </ClCompile>
  </ItemGroup>
  <ItemGroup>
    <None Include="materials.csv">
      <Filter>Resource Files</Filter>
    </None>
    <None Include="TrekStar.json">
      <Filter>Resource Files</Filter>
    </None>
  </ItemGroup>
</Project>